
Microsoft Visual Studio Solution File, Format Version 12.00
# Visual Studio Version 16
VisualStudioVersion = 16.0.31410.357
MinimumVisualStudioVersion = 10.0.40219.1
Project("{9A19103F-16F7-4668-BE54-9A1E7A4F7556}") = "RabbitMQ.ConsoleUI", "RabbitMQ.Console\RabbitMQ.ConsoleUI.csproj", "{DCC24D38-8FA9-41DF-8A13-5BB6BE9ADAFA}"
EndProject
Project("{FAE04EC0-301F-11D3-BF4B-00C04F79EFBC}") = "RabbitQMLerning.Consumer", "RabbitQMLerning.Consumer\RabbitQMLerning.Consumer.csproj", "{B297597A-5DFF-43BC-B350-75EBDE14EA2E}"
EndProject
Project("{FAE04EC0-301F-11D3-BF4B-00C04F79EFBC}") = "RabbitMQLearning.Producer", "RabbitMQLearning.Producer\RabbitMQLearning.Producer.csproj", "{0C3BDA7A-64B4-4647-8475-790BED7D1F48}"
EndProject
Global
	GlobalSection(SolutionConfigurationPlatforms) = preSolution
		Debug|Any CPU = Debug|Any CPU
		Release|Any CPU = Release|Any CPU
	EndGlobalSection
	GlobalSection(ProjectConfigurationPlatforms) = postSolution
		{DCC24D38-8FA9-41DF-8A13-5BB6BE9ADAFA}.Debug|Any CPU.ActiveCfg = Debug|Any CPU
		{DCC24D38-8FA9-41DF-8A13-5BB6BE9ADAFA}.Debug|Any CPU.Build.0 = Debug|Any CPU
		{DCC24D38-8FA9-41DF-8A13-5BB6BE9ADAFA}.Release|Any CPU.ActiveCfg = Release|Any CPU
		{DCC24D38-8FA9-41DF-8A13-5BB6BE9ADAFA}.Release|Any CPU.Build.0 = Release|Any CPU
		{B297597A-5DFF-43BC-B350-75EBDE14EA2E}.Debug|Any CPU.ActiveCfg = Debug|Any CPU
		{B297597A-5DFF-43BC-B350-75EBDE14EA2E}.Debug|Any CPU.Build.0 = Debug|Any CPU
		{B297597A-5DFF-43BC-B350-75EBDE14EA2E}.Release|Any CPU.ActiveCfg = Release|Any CPU
		{B297597A-5DFF-43BC-B350-75EBDE14EA2E}.Release|Any CPU.Build.0 = Release|Any CPU
		{0C3BDA7A-64B4-4647-8475-790BED7D1F48}.Debug|Any CPU.ActiveCfg = Debug|Any CPU
		{0C3BDA7A-64B4-4647-8475-790BED7D1F48}.Debug|Any CPU.Build.0 = Debug|Any CPU
		{0C3BDA7A-64B4-4647-8475-790BED7D1F48}.Release|Any CPU.ActiveCfg = Release|Any CPU
		{0C3BDA7A-64B4-4647-8475-790BED7D1F48}.Release|Any CPU.Build.0 = Release|Any CPU
	EndGlobalSection
	GlobalSection(SolutionProperties) = preSolution
		HideSolutionNode = FALSE
	EndGlobalSection
	GlobalSection(ExtensibilityGlobals) = postSolution
		SolutionGuid = {FA723D7E-5ADA-40B9-BDFA-193CF1E304A3}
	EndGlobalSection
EndGlobal
